
Microsoft Visual Studio Solution File, Format Version 12.00
# Visual Studio Version 16
VisualStudioVersion = 16.0.30709.132
MinimumVisualStudioVersion = 10.0.40219.1
Project("{FAE04EC0-301F-11D3-BF4B-00C04F79EFBC}") = "ArrayExamples", "ArrayExamples\ArrayExamples.csproj", "{9BBB6BF0-8706-44FC-A17E-DC9132A1B67E}"
EndProject
Global
	GlobalSection(SolutionConfigurationPlatforms) = preSolution
		Debug|Any CPU = Debug|Any CPU
		Release|Any CPU = Release|Any CPU
	EndGlobalSection
	GlobalSection(ProjectConfigurationPlatforms) = postSolution
		{9BBB6BF0-8706-44FC-A17E-DC9132A1B67E}.Debug|Any CPU.ActiveCfg = Debug|Any CPU
		{9BBB6BF0-8706-44FC-A17E-DC9132A1B67E}.Debug|Any CPU.Build.0 = Debug|Any CPU
		{9BBB6BF0-8706-44FC-A17E-DC9132A1B67E}.Release|Any CPU.ActiveCfg = Release|Any CPU
		{9BBB6BF0-8706-44FC-A17E-DC9132A1B67E}.Release|Any CPU.Build.0 = Release|Any CPU
	EndGlobalSection
	GlobalSection(SolutionProperties) = preSolution
		HideSolutionNode = FALSE
	EndGlobalSection
	GlobalSection(ExtensibilityGlobals) = postSolution
		SolutionGuid = {5309B879-8E45-4BD0-AD59-900760D1B171}
	EndGlobalSection
EndGlobal
